// !$*UTF8*$!
{
	archiveVersion = 1;
	classes = {
	};
	objectVersion = 56;
	objects = {

/* Begin PBXBuildFile section */
		A1C9C6B52B4AF6400017E5DC /* TaskDemoApp.swift in Sources */ = {isa = PBXBuildFile; fileRef = A1C9C6B42B4AF6400017E5DC /* TaskDemoApp.swift */; };
		A1C9C6B72B4AF6400017E5DC /* ContentView.swift in Sources */ = {isa = PBXBuildFile; fileRef = A1C9C6B62B4AF6400017E5DC /* ContentView.swift */; };
		A1C9C6B92B4AF6450017E5DC /* Assets.xcassets in Resources */ = {isa = PBXBuildFile; fileRef = A1C9C6B82B4AF6450017E5DC /* Assets.xcassets */; };
		A1C9C6BC2B4AF6450017E5DC /* Preview Assets.xcassets in Resources */ = {isa = PBXBuildFile; fileRef = A1C9C6BB2B4AF6450017E5DC /* Preview Assets.xcassets */; };
		A1C9C6C82B4AF9300017E5DC /* PrimaryTextField.swift in Sources */ = {isa = PBXBuildFile; fileRef = A1C9C6C72B4AF9300017E5DC /* PrimaryTextField.swift */; };
		A1C9C6CE2B4B177D0017E5DC /* PrimaryButton.swift in Sources */ = {isa = PBXBuildFile; fileRef = A1C9C6CD2B4B177D0017E5DC /* PrimaryButton.swift */; };
		A1C9C6D12B4B22EA0017E5DC /* swiftgen.yml in Resources */ = {isa = PBXBuildFile; fileRef = A1C9C6D02B4B22EA0017E5DC /* swiftgen.yml */; };
		A1C9C6E12B4B2B450017E5DC /* Localizable.strings in Resources */ = {isa = PBXBuildFile; fileRef = A1C9C6E32B4B2B450017E5DC /* Localizable.strings */; };
		A1C9C6E62B4B41FA0017E5DC /* Strings+Generated.swift in Sources */ = {isa = PBXBuildFile; fileRef = A1C9C6E52B4B41FA0017E5DC /* Strings+Generated.swift */; };
		A1C9C6E92B4B42BD0017E5DC /* Signup.swift in Sources */ = {isa = PBXBuildFile; fileRef = A1C9C6E82B4B42BD0017E5DC /* Signup.swift */; };
		A1C9C6EB2B4B52190017E5DC /* SignupViewModel.swift in Sources */ = {isa = PBXBuildFile; fileRef = A1C9C6EA2B4B52190017E5DC /* SignupViewModel.swift */; };
		A1C9C6EE2B4B5CE00017E5DC /* Login.swift in Sources */ = {isa = PBXBuildFile; fileRef = A1C9C6ED2B4B5CDF0017E5DC /* Login.swift */; };
		A1C9C6F02B4BE7590017E5DC /* LoginViewModel.swift in Sources */ = {isa = PBXBuildFile; fileRef = A1C9C6EF2B4BE7590017E5DC /* LoginViewModel.swift */; };
		A1C9C6F52B4C2C030017E5DC /* TabBarView.swift in Sources */ = {isa = PBXBuildFile; fileRef = A1C9C6F42B4C2C030017E5DC /* TabBarView.swift */; };
		A1C9C6F72B4C30B30017E5DC /* HorizontalCell.swift in Sources */ = {isa = PBXBuildFile; fileRef = A1C9C6F62B4C30B30017E5DC /* HorizontalCell.swift */; };
		A1C9C6F92B4C3BE00017E5DC /* VerticalCell.swift in Sources */ = {isa = PBXBuildFile; fileRef = A1C9C6F82B4C3BE00017E5DC /* VerticalCell.swift */; };
		A1C9C6FC2B4C3E960017E5DC /* Details.swift in Sources */ = {isa = PBXBuildFile; fileRef = A1C9C6FB2B4C3E960017E5DC /* Details.swift */; };
		A1C9C6FF2B4C46EB0017E5DC /* View+Extension.swift in Sources */ = {isa = PBXBuildFile; fileRef = A1C9C6FE2B4C46EB0017E5DC /* View+Extension.swift */; };
		A1C9C7012B4C47840017E5DC /* BackButton.swift in Sources */ = {isa = PBXBuildFile; fileRef = A1C9C7002B4C47840017E5DC /* BackButton.swift */; };
		A1C9C7052B4C5AB60017E5DC /* HomeView.swift in Sources */ = {isa = PBXBuildFile; fileRef = A1C9C7042B4C5AB60017E5DC /* HomeView.swift */; };
		A1C9C7072B4C629A0017E5DC /* CatogeryCell.swift in Sources */ = {isa = PBXBuildFile; fileRef = A1C9C7062B4C629A0017E5DC /* CatogeryCell.swift */; };
		A1C9C7092B4C64280017E5DC /* HomeViewModel.swift in Sources */ = {isa = PBXBuildFile; fileRef = A1C9C7082B4C64280017E5DC /* HomeViewModel.swift */; };
		A1C9C70B2B4C93C70017E5DC /* ApiManager.swift in Sources */ = {isa = PBXBuildFile; fileRef = A1C9C70A2B4C93C70017E5DC /* ApiManager.swift */; };
		A1C9C70D2B4C96570017E5DC /* Category.swift in Sources */ = {isa = PBXBuildFile; fileRef = A1C9C70C2B4C96560017E5DC /* Category.swift */; };
		A1C9C70F2B4D37F90017E5DC /* CustomTabBar.swift in Sources */ = {isa = PBXBuildFile; fileRef = A1C9C70E2B4D37F80017E5DC /* CustomTabBar.swift */; };
		A1C9C7112B4D383A0017E5DC /* TabBarItem.swift in Sources */ = {isa = PBXBuildFile; fileRef = A1C9C7102B4D383A0017E5DC /* TabBarItem.swift */; };
		A1C9C7142B4D3B690017E5DC /* ProductsView.swift in Sources */ = {isa = PBXBuildFile; fileRef = A1C9C7132B4D3B690017E5DC /* ProductsView.swift */; };
		A1C9C7162B4D45460017E5DC /* CardCell.swift in Sources */ = {isa = PBXBuildFile; fileRef = A1C9C7152B4D45460017E5DC /* CardCell.swift */; };
/* End PBXBuildFile section */

/* Begin PBXFileReference section */
		A1C9C6B12B4AF6400017E5DC /* TaskDemo.app */ = {isa = PBXFileReference; explicitFileType = wrapper.application; includeInIndex = 0; path = TaskDemo.app; sourceTree = BUILT_PRODUCTS_DIR; };
		A1C9C6B42B4AF6400017E5DC /* TaskDemoApp.swift */ = {isa = PBXFileReference; lastKnownFileType = sourcecode.swift; path = TaskDemoApp.swift; sourceTree = "<group>"; };
		A1C9C6B62B4AF6400017E5DC /* ContentView.swift */ = {isa = PBXFileReference; lastKnownFileType = sourcecode.swift; path = ContentView.swift; sourceTree = "<group>"; };
		A1C9C6B82B4AF6450017E5DC /* Assets.xcassets */ = {isa = PBXFileReference; lastKnownFileType = folder.assetcatalog; path = Assets.xcassets; sourceTree = "<group>"; };
		A1C9C6BB2B4AF6450017E5DC /* Preview Assets.xcassets */ = {isa = PBXFileReference; lastKnownFileType = folder.assetcatalog; path = "Preview Assets.xcassets"; sourceTree = "<group>"; };
		A1C9C6C72B4AF9300017E5DC /* PrimaryTextField.swift */ = {isa = PBXFileReference; lastKnownFileType = sourcecode.swift; path = PrimaryTextField.swift; sourceTree = "<group>"; };
		A1C9C6CD2B4B177D0017E5DC /* PrimaryButton.swift */ = {isa = PBXFileReference; lastKnownFileType = sourcecode.swift; path = PrimaryButton.swift; sourceTree = "<group>"; };
		A1C9C6D02B4B22EA0017E5DC /* swiftgen.yml */ = {isa = PBXFileReference; fileEncoding = 4; lastKnownFileType = text.yaml; path = swiftgen.yml; sourceTree = SOURCE_ROOT; };
		A1C9C6E22B4B2B450017E5DC /* ar */ = {isa = PBXFileReference; lastKnownFileType = text.plist.strings; name = ar; path = ar.lproj/Localizable.strings; sourceTree = "<group>"; };
		A1C9C6E42B4B2B4A0017E5DC /* en */ = {isa = PBXFileReference; lastKnownFileType = text.plist.strings; name = en; path = en.lproj/Localizable.strings; sourceTree = "<group>"; };
		A1C9C6E52B4B41FA0017E5DC /* Strings+Generated.swift */ = {isa = PBXFileReference; fileEncoding = 4; lastKnownFileType = sourcecode.swift; path = "Strings+Generated.swift"; sourceTree = "<group>"; };
		A1C9C6E82B4B42BD0017E5DC /* Signup.swift */ = {isa = PBXFileReference; lastKnownFileType = sourcecode.swift; path = Signup.swift; sourceTree = "<group>"; };
		A1C9C6EA2B4B52190017E5DC /* SignupViewModel.swift */ = {isa = PBXFileReference; lastKnownFileType = sourcecode.swift; path = SignupViewModel.swift; sourceTree = "<group>"; };
		A1C9C6ED2B4B5CDF0017E5DC /* Login.swift */ = {isa = PBXFileReference; lastKnownFileType = sourcecode.swift; path = Login.swift; sourceTree = "<group>"; };
		A1C9C6EF2B4BE7590017E5DC /* LoginViewModel.swift */ = {isa = PBXFileReference; lastKnownFileType = sourcecode.swift; path = LoginViewModel.swift; sourceTree = "<group>"; };
		A1C9C6F42B4C2C030017E5DC /* TabBarView.swift */ = {isa = PBXFileReference; lastKnownFileType = sourcecode.swift; path = TabBarView.swift; sourceTree = "<group>"; };
		A1C9C6F62B4C30B30017E5DC /* HorizontalCell.swift */ = {isa = PBXFileReference; lastKnownFileType = sourcecode.swift; path = HorizontalCell.swift; sourceTree = "<group>"; };
		A1C9C6F82B4C3BE00017E5DC /* VerticalCell.swift */ = {isa = PBXFileReference; lastKnownFileType = sourcecode.swift; path = VerticalCell.swift; sourceTree = "<group>"; };
		A1C9C6FB2B4C3E960017E5DC /* Details.swift */ = {isa = PBXFileReference; lastKnownFileType = sourcecode.swift; path = Details.swift; sourceTree = "<group>"; };
		A1C9C6FE2B4C46EB0017E5DC /* View+Extension.swift */ = {isa = PBXFileReference; lastKnownFileType = sourcecode.swift; path = "View+Extension.swift"; sourceTree = "<group>"; };
		A1C9C7002B4C47840017E5DC /* BackButton.swift */ = {isa = PBXFileReference; lastKnownFileType = sourcecode.swift; path = BackButton.swift; sourceTree = "<group>"; };
		A1C9C7042B4C5AB60017E5DC /* HomeView.swift */ = {isa = PBXFileReference; lastKnownFileType = sourcecode.swift; path = HomeView.swift; sourceTree = "<group>"; };
		A1C9C7062B4C629A0017E5DC /* CatogeryCell.swift */ = {isa = PBXFileReference; lastKnownFileType = sourcecode.swift; path = CatogeryCell.swift; sourceTree = "<group>"; };
		A1C9C7082B4C64280017E5DC /* HomeViewModel.swift */ = {isa = PBXFileReference; lastKnownFileType = sourcecode.swift; path = HomeViewModel.swift; sourceTree = "<group>"; };
		A1C9C70A2B4C93C70017E5DC /* ApiManager.swift */ = {isa = PBXFileReference; lastKnownFileType = sourcecode.swift; path = ApiManager.swift; sourceTree = "<group>"; };
		A1C9C70C2B4C96560017E5DC /* Category.swift */ = {isa = PBXFileReference; lastKnownFileType = sourcecode.swift; path = Category.swift; sourceTree = "<group>"; };
		A1C9C70E2B4D37F80017E5DC /* CustomTabBar.swift */ = {isa = PBXFileReference; lastKnownFileType = sourcecode.swift; path = CustomTabBar.swift; sourceTree = "<group>"; };
		A1C9C7102B4D383A0017E5DC /* TabBarItem.swift */ = {isa = PBXFileReference; lastKnownFileType = sourcecode.swift; path = TabBarItem.swift; sourceTree = "<group>"; };
		A1C9C7132B4D3B690017E5DC /* ProductsView.swift */ = {isa = PBXFileReference; lastKnownFileType = sourcecode.swift; path = ProductsView.swift; sourceTree = "<group>"; };
		A1C9C7152B4D45460017E5DC /* CardCell.swift */ = {isa = PBXFileReference; lastKnownFileType = sourcecode.swift; path = CardCell.swift; sourceTree = "<group>"; };
/* End PBXFileReference section */

/* Begin PBXFrameworksBuildPhase section */
		A1C9C6AE2B4AF6400017E5DC /* Frameworks */ = {
			isa = PBXFrameworksBuildPhase;
			buildActionMask = 2147483647;
			files = (
			);
			runOnlyForDeploymentPostprocessing = 0;
		};
/* End PBXFrameworksBuildPhase section */

/* Begin PBXGroup section */
		A1C9C6A82B4AF6400017E5DC = {
			isa = PBXGroup;
			children = (
				A1C9C6B32B4AF6400017E5DC /* TaskDemo */,
				A1C9C6B22B4AF6400017E5DC /* Products */,
			);
			sourceTree = "<group>";
		};
		A1C9C6B22B4AF6400017E5DC /* Products */ = {
			isa = PBXGroup;
			children = (
				A1C9C6B12B4AF6400017E5DC /* TaskDemo.app */,
			);
			name = Products;
			sourceTree = "<group>";
		};
		A1C9C6B32B4AF6400017E5DC /* TaskDemo */ = {
			isa = PBXGroup;
			children = (
				A1C9C6D02B4B22EA0017E5DC /* swiftgen.yml */,
				A1C9C6D22B4B234F0017E5DC /* Resources */,
				A1C9C6C52B4AF8D10017E5DC /* Utilites */,
				A1C9C6C42B4AF6970017E5DC /* Managers */,
				A1C9C6C32B4AF68F0017E5DC /* Model */,
				A1C9C6C22B4AF67F0017E5DC /* Scences */,
				A1C9C6B42B4AF6400017E5DC /* TaskDemoApp.swift */,
				A1C9C6B62B4AF6400017E5DC /* ContentView.swift */,
				A1C9C6B82B4AF6450017E5DC /* Assets.xcassets */,
				A1C9C6BA2B4AF6450017E5DC /* Preview Content */,
			);
			path = TaskDemo;
			sourceTree = "<group>";
		};
		A1C9C6BA2B4AF6450017E5DC /* Preview Content */ = {
			isa = PBXGroup;
			children = (
				A1C9C6BB2B4AF6450017E5DC /* Preview Assets.xcassets */,
			);
			path = "Preview Content";
			sourceTree = "<group>";
		};
		A1C9C6C22B4AF67F0017E5DC /* Scences */ = {
			isa = PBXGroup;
			children = (
				A1C9C7032B4C5AA00017E5DC /* Home */,
				A1C9C7022B4C5A940017E5DC /* Products */,
				A1C9C6FA2B4C3E710017E5DC /* Details */,
				A1C9C6F12B4C2BA10017E5DC /* TabBar */,
				A1C9C6EC2B4B5CC30017E5DC /* Login */,
				A1C9C6E72B4B42450017E5DC /* Signup */,
			);
			path = Scences;
			sourceTree = "<group>";
		};
		A1C9C6C32B4AF68F0017E5DC /* Model */ = {
			isa = PBXGroup;
			children = (
				A1C9C70C2B4C96560017E5DC /* Category.swift */,
				A1C9C7102B4D383A0017E5DC /* TabBarItem.swift */,
			);
			path = Model;
			sourceTree = "<group>";
		};
		A1C9C6C42B4AF6970017E5DC /* Managers */ = {
			isa = PBXGroup;
			children = (
				A1C9C70A2B4C93C70017E5DC /* ApiManager.swift */,
			);
			path = Managers;
			sourceTree = "<group>";
		};
		A1C9C6C52B4AF8D10017E5DC /* Utilites */ = {
			isa = PBXGroup;
			children = (
				A1C9C6CF2B4B20170017E5DC /* ReusableViews */,
			);
			path = Utilites;
			sourceTree = "<group>";
		};
		A1C9C6C92B4B0A200017E5DC /* CoustomComponent */ = {
			isa = PBXGroup;
			children = (
				A1C9C6C72B4AF9300017E5DC /* PrimaryTextField.swift */,
				A1C9C6F62B4C30B30017E5DC /* HorizontalCell.swift */,
				A1C9C6F82B4C3BE00017E5DC /* VerticalCell.swift */,
				A1C9C7002B4C47840017E5DC /* BackButton.swift */,
				A1C9C7062B4C629A0017E5DC /* CatogeryCell.swift */,
				A1C9C70E2B4D37F80017E5DC /* CustomTabBar.swift */,
				A1C9C7152B4D45460017E5DC /* CardCell.swift */,
			);
			path = CoustomComponent;
			sourceTree = "<group>";
		};
		A1C9C6CC2B4B17360017E5DC /* CustomStyle */ = {
			isa = PBXGroup;
			children = (
				A1C9C6CD2B4B177D0017E5DC /* PrimaryButton.swift */,
			);
			path = CustomStyle;
			sourceTree = "<group>";
		};
		A1C9C6CF2B4B20170017E5DC /* ReusableViews */ = {
			isa = PBXGroup;
			children = (
				A1C9C6CC2B4B17360017E5DC /* CustomStyle */,
				A1C9C6C92B4B0A200017E5DC /* CoustomComponent */,
			);
			path = ReusableViews;
			sourceTree = "<group>";
		};
		A1C9C6D22B4B234F0017E5DC /* Resources */ = {
			isa = PBXGroup;
			children = (
				A1C9C6FD2B4C46D20017E5DC /* Extensions */,
				A1C9C6D42B4B237D0017E5DC /* Localization */,
				A1C9C6D32B4B235E0017E5DC /* Generated */,
			);
			path = Resources;
			sourceTree = "<group>";
		};
		A1C9C6D32B4B235E0017E5DC /* Generated */ = {
			isa = PBXGroup;
			children = (
				A1C9C6E52B4B41FA0017E5DC /* Strings+Generated.swift */,
			);
			path = Generated;
			sourceTree = "<group>";
		};
		A1C9C6D42B4B237D0017E5DC /* Localization */ = {
			isa = PBXGroup;
			children = (
				A1C9C6E32B4B2B450017E5DC /* Localizable.strings */,
			);
			path = Localization;
			sourceTree = "<group>";
		};
		A1C9C6E72B4B42450017E5DC /* Signup */ = {
			isa = PBXGroup;
			children = (
				A1C9C6E82B4B42BD0017E5DC /* Signup.swift */,
				A1C9C6EA2B4B52190017E5DC /* SignupViewModel.swift */,
			);
			path = Signup;
			sourceTree = "<group>";
		};
		A1C9C6EC2B4B5CC30017E5DC /* Login */ = {
			isa = PBXGroup;
			children = (
				A1C9C6ED2B4B5CDF0017E5DC /* Login.swift */,
				A1C9C6EF2B4BE7590017E5DC /* LoginViewModel.swift */,
			);
			path = Login;
			sourceTree = "<group>";
		};
		A1C9C6F12B4C2BA10017E5DC /* TabBar */ = {
			isa = PBXGroup;
			children = (
				A1C9C6F42B4C2C030017E5DC /* TabBarView.swift */,
			);
			path = TabBar;
			sourceTree = "<group>";
		};
		A1C9C6FA2B4C3E710017E5DC /* Details */ = {
			isa = PBXGroup;
			children = (
				A1C9C6FB2B4C3E960017E5DC /* Details.swift */,
			);
			path = Details;
			sourceTree = "<group>";
		};
		A1C9C6FD2B4C46D20017E5DC /* Extensions */ = {
			isa = PBXGroup;
			children = (
				A1C9C6FE2B4C46EB0017E5DC /* View+Extension.swift */,
			);
			path = Extensions;
			sourceTree = "<group>";
		};
		A1C9C7022B4C5A940017E5DC /* Products */ = {
			isa = PBXGroup;
			children = (
				A1C9C7132B4D3B690017E5DC /* ProductsView.swift */,
			);
			path = Products;
			sourceTree = "<group>";
		};
		A1C9C7032B4C5AA00017E5DC /* Home */ = {
			isa = PBXGroup;
			children = (
				A1C9C7042B4C5AB60017E5DC /* HomeView.swift */,
				A1C9C7082B4C64280017E5DC /* HomeViewModel.swift */,
			);
			path = Home;
			sourceTree = "<group>";
		};
/* End PBXGroup section */

/* Begin PBXNativeTarget section */
		A1C9C6B02B4AF6400017E5DC /* TaskDemo */ = {
			isa = PBXNativeTarget;
			buildConfigurationList = A1C9C6BF2B4AF6450017E5DC /* Build configuration list for PBXNativeTarget "TaskDemo" */;
			buildPhases = (
				A1C9C6AD2B4AF6400017E5DC /* Sources */,
				A1C9C6AE2B4AF6400017E5DC /* Frameworks */,
				A1C9C6AF2B4AF6400017E5DC /* Resources */,
			);
			buildRules = (
			);
			dependencies = (
			);
			name = TaskDemo;
			productName = TaskDemo;
			productReference = A1C9C6B12B4AF6400017E5DC /* TaskDemo.app */;
			productType = "com.apple.product-type.application";
		};
/* End PBXNativeTarget section */

/* Begin PBXProject section */
		A1C9C6A92B4AF6400017E5DC /* Project object */ = {
			isa = PBXProject;
			attributes = {
				BuildIndependentTargetsInParallel = 1;
				LastSwiftUpdateCheck = 1510;
				LastUpgradeCheck = 1510;
				TargetAttributes = {
					A1C9C6B02B4AF6400017E5DC = {
						CreatedOnToolsVersion = 15.1;
					};
				};
			};
			buildConfigurationList = A1C9C6AC2B4AF6400017E5DC /* Build configuration list for PBXProject "TaskDemo" */;
			compatibilityVersion = "Xcode 14.0";
			developmentRegion = en;
			hasScannedForEncodings = 0;
			knownRegions = (
				en,
				Base,
				ar,
			);
			mainGroup = A1C9C6A82B4AF6400017E5DC;
			productRefGroup = A1C9C6B22B4AF6400017E5DC /* Products */;
			projectDirPath = "";
			projectRoot = "";
			targets = (
				A1C9C6B02B4AF6400017E5DC /* TaskDemo */,
			);
		};
/* End PBXProject section */

/* Begin PBXResourcesBuildPhase section */
		A1C9C6AF2B4AF6400017E5DC /* Resources */ = {
			isa = PBXResourcesBuildPhase;
			buildActionMask = 2147483647;
			files = (
				A1C9C6BC2B4AF6450017E5DC /* Preview Assets.xcassets in Resources */,
				A1C9C6E12B4B2B450017E5DC /* Localizable.strings in Resources */,
				A1C9C6B92B4AF6450017E5DC /* Assets.xcassets in Resources */,
				A1C9C6D12B4B22EA0017E5DC /* swiftgen.yml in Resources */,
			);
			runOnlyForDeploymentPostprocessing = 0;
		};
/* End PBXResourcesBuildPhase section */

/* Begin PBXSourcesBuildPhase section */
		A1C9C6AD2B4AF6400017E5DC /* Sources */ = {
			isa = PBXSourcesBuildPhase;
			buildActionMask = 2147483647;
			files = (
				A1C9C6E62B4B41FA0017E5DC /* Strings+Generated.swift in Sources */,
				A1C9C7092B4C64280017E5DC /* HomeViewModel.swift in Sources */,
				A1C9C6C82B4AF9300017E5DC /* PrimaryTextField.swift in Sources */,
				A1C9C6B72B4AF6400017E5DC /* ContentView.swift in Sources */,
				A1C9C7112B4D383A0017E5DC /* TabBarItem.swift in Sources */,
				A1C9C6F92B4C3BE00017E5DC /* VerticalCell.swift in Sources */,
				A1C9C6F72B4C30B30017E5DC /* HorizontalCell.swift in Sources */,
				A1C9C6EB2B4B52190017E5DC /* SignupViewModel.swift in Sources */,
				A1C9C6CE2B4B177D0017E5DC /* PrimaryButton.swift in Sources */,
				A1C9C6B52B4AF6400017E5DC /* TaskDemoApp.swift in Sources */,
				A1C9C6FC2B4C3E960017E5DC /* Details.swift in Sources */,
				A1C9C7162B4D45460017E5DC /* CardCell.swift in Sources */,
				A1C9C6E92B4B42BD0017E5DC /* Signup.swift in Sources */,
				A1C9C70D2B4C96570017E5DC /* Category.swift in Sources */,
				A1C9C6EE2B4B5CE00017E5DC /* Login.swift in Sources */,
				A1C9C6F02B4BE7590017E5DC /* LoginViewModel.swift in Sources */,
				A1C9C6FF2B4C46EB0017E5DC /* View+Extension.swift in Sources */,
				A1C9C70B2B4C93C70017E5DC /* ApiManager.swift in Sources */,
				A1C9C70F2B4D37F90017E5DC /* CustomTabBar.swift in Sources */,
				A1C9C6F52B4C2C030017E5DC /* TabBarView.swift in Sources */,
				A1C9C7052B4C5AB60017E5DC /* HomeView.swift in Sources */,
				A1C9C7142B4D3B690017E5DC /* ProductsView.swift in Sources */,
				A1C9C7072B4C629A0017E5DC /* CatogeryCell.swift in Sources */,
				A1C9C7012B4C47840017E5DC /* BackButton.swift in Sources */,
			);
			runOnlyForDeploymentPostprocessing = 0;
		};
/* End PBXSourcesBuildPhase section */

/* Begin PBXVariantGroup section */
		A1C9C6E32B4B2B450017E5DC /* Localizable.strings */ = {
			isa = PBXVariantGroup;
			children = (
				A1C9C6E22B4B2B450017E5DC /* ar */,
				A1C9C6E42B4B2B4A0017E5DC /* en */,
			);
			name = Localizable.strings;
			sourceTree = "<group>";
		};
/* End PBXVariantGroup section */

/* Begin XCBuildConfiguration section */
		A1C9C6BD2B4AF6450017E5DC /* Debug */ = {
			isa = XCBuildConfiguration;
			buildSettings = {
				ALWAYS_SEARCH_USER_PATHS = NO;
				ASSETCATALOG_COMPILER_GENERATE_SWIFT_ASSET_SYMBOL_EXTENSIONS = YES;
				CLANG_ANALYZER_NONNULL = YES;
				CLANG_ANALYZER_NUMBER_OBJECT_CONVERSION = YES_AGGRESSIVE;
				CLANG_CXX_LANGUAGE_STANDARD = "gnu++20";
				CLANG_ENABLE_MODULES = YES;
				CLANG_ENABLE_OBJC_ARC = YES;
				CLANG_ENABLE_OBJC_WEAK = YES;
				CLANG_WARN_BLOCK_CAPTURE_AUTORELEASING = YES;
				CLANG_WARN_BOOL_CONVERSION = YES;
				CLANG_WARN_COMMA = YES;
				CLANG_WARN_CONSTANT_CONVERSION = YES;
				CLANG_WARN_DEPRECATED_OBJC_IMPLEMENTATIONS = YES;
				CLANG_WARN_DIRECT_OBJC_ISA_USAGE = YES_ERROR;
				CLANG_WARN_DOCUMENTATION_COMMENTS = YES;
				CLANG_WARN_EMPTY_BODY = YES;
				CLANG_WARN_ENUM_CONVERSION = YES;
				CLANG_WARN_INFINITE_RECURSION = YES;
				CLANG_WARN_INT_CONVERSION = YES;
				CLANG_WARN_NON_LITERAL_NULL_CONVERSION = YES;
				CLANG_WARN_OBJC_IMPLICIT_RETAIN_SELF = YES;
				CLANG_WARN_OBJC_LITERAL_CONVERSION = YES;
				CLANG_WARN_OBJC_ROOT_CLASS = YES_ERROR;
				CLANG_WARN_QUOTED_INCLUDE_IN_FRAMEWORK_HEADER = YES;
				CLANG_WARN_RANGE_LOOP_ANALYSIS = YES;
				CLANG_WARN_STRICT_PROTOTYPES = YES;
				CLANG_WARN_SUSPICIOUS_MOVE = YES;
				CLANG_WARN_UNGUARDED_AVAILABILITY = YES_AGGRESSIVE;
				CLANG_WARN_UNREACHABLE_CODE = YES;
				CLANG_WARN__DUPLICATE_METHOD_MATCH = YES;
				COPY_PHASE_STRIP = NO;
				DEBUG_INFORMATION_FORMAT = dwarf;
				ENABLE_STRICT_OBJC_MSGSEND = YES;
				ENABLE_TESTABILITY = YES;
				ENABLE_USER_SCRIPT_SANDBOXING = YES;
				GCC_C_LANGUAGE_STANDARD = gnu17;
				GCC_DYNAMIC_NO_PIC = NO;
				GCC_NO_COMMON_BLOCKS = YES;
				GCC_OPTIMIZATION_LEVEL = 0;
				GCC_PREPROCESSOR_DEFINITIONS = (
					"DEBUG=1",
					"$(inherited)",
				);
				GCC_WARN_64_TO_32_BIT_CONVERSION = YES;
				GCC_WARN_ABOUT_RETURN_TYPE = YES_ERROR;
				GCC_WARN_UNDECLARED_SELECTOR = YES;
				GCC_WARN_UNINITIALIZED_AUTOS = YES_AGGRESSIVE;
				GCC_WARN_UNUSED_FUNCTION = YES;
				GCC_WARN_UNUSED_VARIABLE = YES;
				IPHONEOS_DEPLOYMENT_TARGET = 17.2;
				LOCALIZATION_PREFERS_STRING_CATALOGS = YES;
				MTL_ENABLE_DEBUG_INFO = INCLUDE_SOURCE;
				MTL_FAST_MATH = YES;
				ONLY_ACTIVE_ARCH = YES;
				SDKROOT = iphoneos;
				SWIFT_ACTIVE_COMPILATION_CONDITIONS = "DEBUG $(inherited)";
				SWIFT_OPTIMIZATION_LEVEL = "-Onone";
			};
			name = Debug;
		};
		A1C9C6BE2B4AF6450017E5DC /* Release */ = {
			isa = XCBuildConfiguration;
			buildSettings = {
				ALWAYS_SEARCH_USER_PATHS = NO;
				ASSETCATALOG_COMPILER_GENERATE_SWIFT_ASSET_SYMBOL_EXTENSIONS = YES;
				CLANG_ANALYZER_NONNULL = YES;
				CLANG_ANALYZER_NUMBER_OBJECT_CONVERSION = YES_AGGRESSIVE;
				CLANG_CXX_LANGUAGE_STANDARD = "gnu++20";
				CLANG_ENABLE_MODULES = YES;
				CLANG_ENABLE_OBJC_ARC = YES;
				CLANG_ENABLE_OBJC_WEAK = YES;
				CLANG_WARN_BLOCK_CAPTURE_AUTORELEASING = YES;
				CLANG_WARN_BOOL_CONVERSION = YES;
				CLANG_WARN_COMMA = YES;
				CLANG_WARN_CONSTANT_CONVERSION = YES;
				CLANG_WARN_DEPRECATED_OBJC_IMPLEMENTATIONS = YES;
				CLANG_WARN_DIRECT_OBJC_ISA_USAGE = YES_ERROR;
				CLANG_WARN_DOCUMENTATION_COMMENTS = YES;
				CLANG_WARN_EMPTY_BODY = YES;
				CLANG_WARN_ENUM_CONVERSION = YES;
				CLANG_WARN_INFINITE_RECURSION = YES;
				CLANG_WARN_INT_CONVERSION = YES;
				CLANG_WARN_NON_LITERAL_NULL_CONVERSION = YES;
				CLANG_WARN_OBJC_IMPLICIT_RETAIN_SELF = YES;
				CLANG_WARN_OBJC_LITERAL_CONVERSION = YES;
				CLANG_WARN_OBJC_ROOT_CLASS = YES_ERROR;
				CLANG_WARN_QUOTED_INCLUDE_IN_FRAMEWORK_HEADER = YES;
				CLANG_WARN_RANGE_LOOP_ANALYSIS = YES;
				CLANG_WARN_STRICT_PROTOTYPES = YES;
				CLANG_WARN_SUSPICIOUS_MOVE = YES;
				CLANG_WARN_UNGUARDED_AVAILABILITY = YES_AGGRESSIVE;
				CLANG_WARN_UNREACHABLE_CODE = YES;
				CLANG_WARN__DUPLICATE_METHOD_MATCH = YES;
				COPY_PHASE_STRIP = NO;
				DEBUG_INFORMATION_FORMAT = "dwarf-with-dsym";
				ENABLE_NS_ASSERTIONS = NO;
				ENABLE_STRICT_OBJC_MSGSEND = YES;
				ENABLE_USER_SCRIPT_SANDBOXING = YES;
				GCC_C_LANGUAGE_STANDARD = gnu17;
				GCC_NO_COMMON_BLOCKS = YES;
				GCC_WARN_64_TO_32_BIT_CONVERSION = YES;
				GCC_WARN_ABOUT_RETURN_TYPE = YES_ERROR;
				GCC_WARN_UNDECLARED_SELECTOR = YES;
				GCC_WARN_UNINITIALIZED_AUTOS = YES_AGGRESSIVE;
				GCC_WARN_UNUSED_FUNCTION = YES;
				GCC_WARN_UNUSED_VARIABLE = YES;
				IPHONEOS_DEPLOYMENT_TARGET = 17.2;
				LOCALIZATION_PREFERS_STRING_CATALOGS = YES;
				MTL_ENABLE_DEBUG_INFO = NO;
				MTL_FAST_MATH = YES;
				SDKROOT = iphoneos;
				SWIFT_COMPILATION_MODE = wholemodule;
				VALIDATE_PRODUCT = YES;
			};
			name = Release;
		};
		A1C9C6C02B4AF6450017E5DC /* Debug */ = {
			isa = XCBuildConfiguration;
			buildSettings = {
				ASSETCATALOG_COMPILER_APPICON_NAME = AppIcon;
				ASSETCATALOG_COMPILER_GLOBAL_ACCENT_COLOR_NAME = AccentColor;
				CODE_SIGN_STYLE = Automatic;
				CURRENT_PROJECT_VERSION = 1;
				DEVELOPMENT_ASSET_PATHS = "\"TaskDemo/Preview Content\"";
				DEVELOPMENT_TEAM = KSQAVXV66T;
				ENABLE_PREVIEWS = YES;
				GENERATE_INFOPLIST_FILE = YES;
				INFOPLIST_KEY_UIApplicationSceneManifest_Generation = YES;
				INFOPLIST_KEY_UIApplicationSupportsIndirectInputEvents = YES;
				INFOPLIST_KEY_UILaunchScreen_Generation = YES;
				INFOPLIST_KEY_UISupportedInterfaceOrientations_iPad = "UIInterfaceOrientationPortrait UIInterfaceOrientationPortraitUpsideDown UIInterfaceOrientationLandscapeLeft UIInterfaceOrientationLandscapeRight";
				INFOPLIST_KEY_UISupportedInterfaceOrientations_iPhone = "UIInterfaceOrientationPortrait UIInterfaceOrientationLandscapeLeft UIInterfaceOrientationLandscapeRight";
				LD_RUNPATH_SEARCH_PATHS = (
					"$(inherited)",
					"@executable_path/Frameworks",
				);
				MARKETING_VERSION = 1.0;
				PRODUCT_BUNDLE_IDENTIFIER = youssefedeeb.TaskDemo;
				PRODUCT_NAME = "$(TARGET_NAME)";
				SWIFT_EMIT_LOC_STRINGS = YES;
				SWIFT_VERSION = 5.0;
				TARGETED_DEVICE_FAMILY = "1,2";
			};
			name = Debug;
		};
		A1C9C6C12B4AF6450017E5DC /* Release */ = {
			isa = XCBuildConfiguration;
			buildSettings = {
				ASSETCATALOG_COMPILER_APPICON_NAME = AppIcon;
				ASSETCATALOG_COMPILER_GLOBAL_ACCENT_COLOR_NAME = AccentColor;
				CODE_SIGN_STYLE = Automatic;
				CURRENT_PROJECT_VERSION = 1;
				DEVELOPMENT_ASSET_PATHS = "\"TaskDemo/Preview Content\"";
				DEVELOPMENT_TEAM = KSQAVXV66T;
				ENABLE_PREVIEWS = YES;
				GENERATE_INFOPLIST_FILE = YES;
				INFOPLIST_KEY_UIApplicationSceneManifest_Generation = YES;
				INFOPLIST_KEY_UIApplicationSupportsIndirectInputEvents = YES;
				INFOPLIST_KEY_UILaunchScreen_Generation = YES;
				INFOPLIST_KEY_UISupportedInterfaceOrientations_iPad = "UIInterfaceOrientationPortrait UIInterfaceOrientationPortraitUpsideDown UIInterfaceOrientationLandscapeLeft UIInterfaceOrientationLandscapeRight";
				INFOPLIST_KEY_UISupportedInterfaceOrientations_iPhone = "UIInterfaceOrientationPortrait UIInterfaceOrientationLandscapeLeft UIInterfaceOrientationLandscapeRight";
				LD_RUNPATH_SEARCH_PATHS = (
					"$(inherited)",
					"@executable_path/Frameworks",
				);
				MARKETING_VERSION = 1.0;
				PRODUCT_BUNDLE_IDENTIFIER = youssefedeeb.TaskDemo;
				PRODUCT_NAME = "$(TARGET_NAME)";
				SWIFT_EMIT_LOC_STRINGS = YES;
				SWIFT_VERSION = 5.0;
				TARGETED_DEVICE_FAMILY = "1,2";
			};
			name = Release;
		};
/* End XCBuildConfiguration section */

/* Begin XCConfigurationList section */
		A1C9C6AC2B4AF6400017E5DC /* Build configuration list for PBXProject "TaskDemo" */ = {
			isa = XCConfigurationList;
			buildConfigurations = (
				A1C9C6BD2B4AF6450017E5DC /* Debug */,
				A1C9C6BE2B4AF6450017E5DC /* Release */,
			);
			defaultConfigurationIsVisible = 0;
			defaultConfigurationName = Release;
		};
		A1C9C6BF2B4AF6450017E5DC /* Build configuration list for PBXNativeTarget "TaskDemo" */ = {
			isa = XCConfigurationList;
			buildConfigurations = (
				A1C9C6C02B4AF6450017E5DC /* Debug */,
				A1C9C6C12B4AF6450017E5DC /* Release */,
			);
			defaultConfigurationIsVisible = 0;
			defaultConfigurationName = Release;
		};
/* End XCConfigurationList section */
	};
	rootObject = A1C9C6A92B4AF6400017E5DC /* Project object */;
}
